
Microsoft Visual Studio Solution File, Format Version 12.00
# Visual Studio 15
VisualStudioVersion = 15.0.26124.0
MinimumVisualStudioVersion = 15.0.26124.0
Project("{2150E333-8FDC-42A3-9474-1A3956D46DE8}") = "src", "src", "{0DA973FB-7DE7-4AFD-BFF9-5F12AC6AD931}"
EndProject
Project("{FAE04EC0-301F-11D3-BF4B-00C04F79EFBC}") = "SkinCareAPI", "src\SkinCareAPI\SkinCareAPI.csproj", "{54313E4B-E7DA-4CF9-8B88-B776AAAF1C4A}"
EndProject
Project("{2150E333-8FDC-42A3-9474-1A3956D46DE8}") = "test", "test", "{296A0412-D1CB-4C6C-AB05-83A3B6465BBB}"
EndProject
Project("{FAE04EC0-301F-11D3-BF4B-00C04F79EFBC}") = "SkinCareAPI.Tests", "test\SkinCareAPI.Tests\SkinCareAPI.Tests.csproj", "{4B763AEC-3A60-4C11-85FE-93FAEE82729E}"
EndProject
Global
	GlobalSection(SolutionConfigurationPlatforms) = preSolution
		Debug|Any CPU = Debug|Any CPU
		Debug|x64 = Debug|x64
		Debug|x86 = Debug|x86
		Release|Any CPU = Release|Any CPU
		Release|x64 = Release|x64
		Release|x86 = Release|x86
	EndGlobalSection
	GlobalSection(SolutionProperties) = preSolution
		HideSolutionNode = FALSE
	EndGlobalSection
	GlobalSection(ProjectConfigurationPlatforms) = postSolution
		{54313E4B-E7DA-4CF9-8B88-B776AAAF1C4A}.Debug|Any CPU.ActiveCfg = Debug|Any CPU
		{54313E4B-E7DA-4CF9-8B88-B776AAAF1C4A}.Debug|Any CPU.Build.0 = Debug|Any CPU
		{54313E4B-E7DA-4CF9-8B88-B776AAAF1C4A}.Debug|x64.ActiveCfg = Debug|Any CPU
		{54313E4B-E7DA-4CF9-8B88-B776AAAF1C4A}.Debug|x64.Build.0 = Debug|Any CPU
		{54313E4B-E7DA-4CF9-8B88-B776AAAF1C4A}.Debug|x86.ActiveCfg = Debug|Any CPU
		{54313E4B-E7DA-4CF9-8B88-B776AAAF1C4A}.Debug|x86.Build.0 = Debug|Any CPU
		{54313E4B-E7DA-4CF9-8B88-B776AAAF1C4A}.Release|Any CPU.ActiveCfg = Release|Any CPU
		{54313E4B-E7DA-4CF9-8B88-B776AAAF1C4A}.Release|Any CPU.Build.0 = Release|Any CPU
		{54313E4B-E7DA-4CF9-8B88-B776AAAF1C4A}.Release|x64.ActiveCfg = Release|Any CPU
		{54313E4B-E7DA-4CF9-8B88-B776AAAF1C4A}.Release|x64.Build.0 = Release|Any CPU
		{54313E4B-E7DA-4CF9-8B88-B776AAAF1C4A}.Release|x86.ActiveCfg = Release|Any CPU
		{54313E4B-E7DA-4CF9-8B88-B776AAAF1C4A}.Release|x86.Build.0 = Release|Any CPU
		{4B763AEC-3A60-4C11-85FE-93FAEE82729E}.Debug|Any CPU.ActiveCfg = Debug|Any CPU
		{4B763AEC-3A60-4C11-85FE-93FAEE82729E}.Debug|Any CPU.Build.0 = Debug|Any CPU
		{4B763AEC-3A60-4C11-85FE-93FAEE82729E}.Debug|x64.ActiveCfg = Debug|Any CPU
		{4B763AEC-3A60-4C11-85FE-93FAEE82729E}.Debug|x64.Build.0 = Debug|Any CPU
		{4B763AEC-3A60-4C11-85FE-93FAEE82729E}.Debug|x86.ActiveCfg = Debug|Any CPU
		{4B763AEC-3A60-4C11-85FE-93FAEE82729E}.Debug|x86.Build.0 = Debug|Any CPU
		{4B763AEC-3A60-4C11-85FE-93FAEE82729E}.Release|Any CPU.ActiveCfg = Release|Any CPU
		{4B763AEC-3A60-4C11-85FE-93FAEE82729E}.Release|Any CPU.Build.0 = Release|Any CPU
		{4B763AEC-3A60-4C11-85FE-93FAEE82729E}.Release|x64.ActiveCfg = Release|Any CPU
		{4B763AEC-3A60-4C11-85FE-93FAEE82729E}.Release|x64.Build.0 = Release|Any CPU
		{4B763AEC-3A60-4C11-85FE-93FAEE82729E}.Release|x86.ActiveCfg = Release|Any CPU
		{4B763AEC-3A60-4C11-85FE-93FAEE82729E}.Release|x86.Build.0 = Release|Any CPU
	EndGlobalSection
	GlobalSection(NestedProjects) = preSolution
		{54313E4B-E7DA-4CF9-8B88-B776AAAF1C4A} = {0DA973FB-7DE7-4AFD-BFF9-5F12AC6AD931}
		{4B763AEC-3A60-4C11-85FE-93FAEE82729E} = {296A0412-D1CB-4C6C-AB05-83A3B6465BBB}
	EndGlobalSection
EndGlobal
